// !$*UTF8*$!
{
	archiveVersion = 1;
	classes = {
	};
	objectVersion = 50;
	objects = {

/* Begin PBXBuildFile section */
		84AFC04120C41DE80074A53F /* RegisterAction.swift in Sources */ = {isa = PBXBuildFile; fileRef = 84AFC04020C41DE80074A53F /* RegisterAction.swift */; };
		84AFC04620C43C830074A53F /* Spinner.swift in Sources */ = {isa = PBXBuildFile; fileRef = 84AFC04520C43C830074A53F /* Spinner.swift */; };
		84AFC04A20C8582E0074A53F /* RetrieveCampaignListAction.swift in Sources */ = {isa = PBXBuildFile; fileRef = 84AFC04920C8582E0074A53F /* RetrieveCampaignListAction.swift */; };
		84AFC04C20C85FCF0074A53F /* Storage.swift in Sources */ = {isa = PBXBuildFile; fileRef = 84AFC04B20C85FCF0074A53F /* Storage.swift */; };
		84AFC05020CC556A0074A53F /* CampaignDetailController.swift in Sources */ = {isa = PBXBuildFile; fileRef = 84AFC04F20CC556A0074A53F /* CampaignDetailController.swift */; };
		84AFC05220CC5EFF0074A53F /* CampaignAddController.swift in Sources */ = {isa = PBXBuildFile; fileRef = 84AFC05120CC5EFF0074A53F /* CampaignAddController.swift */; };
		84AFC05420CC6E6E0074A53F /* AddCampaignAction.swift in Sources */ = {isa = PBXBuildFile; fileRef = 84AFC05320CC6E6E0074A53F /* AddCampaignAction.swift */; };
		84EF5D2D20B2CB3F008753D0 /* AppDelegate.swift in Sources */ = {isa = PBXBuildFile; fileRef = 84EF5D2C20B2CB3F008753D0 /* AppDelegate.swift */; };
		84EF5D2F20B2CB40008753D0 /* ViewController.swift in Sources */ = {isa = PBXBuildFile; fileRef = 84EF5D2E20B2CB40008753D0 /* ViewController.swift */; };
		84EF5D3220B2CB40008753D0 /* Main.storyboard in Resources */ = {isa = PBXBuildFile; fileRef = 84EF5D3020B2CB40008753D0 /* Main.storyboard */; };
		84EF5D3420B2CB40008753D0 /* Assets.xcassets in Resources */ = {isa = PBXBuildFile; fileRef = 84EF5D3320B2CB40008753D0 /* Assets.xcassets */; };
		84EF5D3720B2CB40008753D0 /* LaunchScreen.storyboard in Resources */ = {isa = PBXBuildFile; fileRef = 84EF5D3520B2CB40008753D0 /* LaunchScreen.storyboard */; };
		84EF5D4220B2CB41008753D0 /* DragonTideTests.swift in Sources */ = {isa = PBXBuildFile; fileRef = 84EF5D4120B2CB41008753D0 /* DragonTideTests.swift */; };
		84EF5D4D20B2CB41008753D0 /* DragonTideUITests.swift in Sources */ = {isa = PBXBuildFile; fileRef = 84EF5D4C20B2CB41008753D0 /* DragonTideUITests.swift */; };
		84EF5D5B20B2D29D008753D0 /* RegistrationViewController.swift in Sources */ = {isa = PBXBuildFile; fileRef = 84EF5D5A20B2D29D008753D0 /* RegistrationViewController.swift */; };
		84EF5D5D20B37B00008753D0 /* CampaignListViewController.swift in Sources */ = {isa = PBXBuildFile; fileRef = 84EF5D5C20B37B00008753D0 /* CampaignListViewController.swift */; };
		84EF5D6120BDE55E008753D0 /* Campaign.swift in Sources */ = {isa = PBXBuildFile; fileRef = 84EF5D6020BDE55E008753D0 /* Campaign.swift */; };
		84EF5D6320BDE5A4008753D0 /* User.swift in Sources */ = {isa = PBXBuildFile; fileRef = 84EF5D6220BDE5A4008753D0 /* User.swift */; };
		84EF5D6620BDE619008753D0 /* Token.swift in Sources */ = {isa = PBXBuildFile; fileRef = 84EF5D6520BDE619008753D0 /* Token.swift */; };
		84EF5D6B20BF4D21008753D0 /* LoginAction.swift in Sources */ = {isa = PBXBuildFile; fileRef = 84EF5D6A20BF4D21008753D0 /* LoginAction.swift */; };
/* End PBXBuildFile section */

/* Begin PBXContainerItemProxy section */
		84EF5D3E20B2CB41008753D0 /* PBXContainerItemProxy */ = {
			isa = PBXContainerItemProxy;
			containerPortal = 84EF5D2120B2CB3F008753D0 /* Project object */;
			proxyType = 1;
			remoteGlobalIDString = 84EF5D2820B2CB3F008753D0;
			remoteInfo = DragonTide;
		};
		84EF5D4920B2CB41008753D0 /* PBXContainerItemProxy */ = {
			isa = PBXContainerItemProxy;
			containerPortal = 84EF5D2120B2CB3F008753D0 /* Project object */;
			proxyType = 1;
			remoteGlobalIDString = 84EF5D2820B2CB3F008753D0;
			remoteInfo = DragonTide;
		};
/* End PBXContainerItemProxy section */

/* Begin PBXFileReference section */
		84AFC04020C41DE80074A53F /* RegisterAction.swift */ = {isa = PBXFileReference; lastKnownFileType = sourcecode.swift; path = RegisterAction.swift; sourceTree = "<group>"; };
		84AFC04520C43C830074A53F /* Spinner.swift */ = {isa = PBXFileReference; lastKnownFileType = sourcecode.swift; path = Spinner.swift; sourceTree = "<group>"; };
		84AFC04920C8582E0074A53F /* RetrieveCampaignListAction.swift */ = {isa = PBXFileReference; lastKnownFileType = sourcecode.swift; path = RetrieveCampaignListAction.swift; sourceTree = "<group>"; };
		84AFC04B20C85FCF0074A53F /* Storage.swift */ = {isa = PBXFileReference; lastKnownFileType = sourcecode.swift; path = Storage.swift; sourceTree = "<group>"; };
		84AFC04F20CC556A0074A53F /* CampaignDetailController.swift */ = {isa = PBXFileReference; lastKnownFileType = sourcecode.swift; path = CampaignDetailController.swift; sourceTree = "<group>"; };
		84AFC05120CC5EFF0074A53F /* CampaignAddController.swift */ = {isa = PBXFileReference; lastKnownFileType = sourcecode.swift; path = CampaignAddController.swift; sourceTree = "<group>"; };
		84AFC05320CC6E6E0074A53F /* AddCampaignAction.swift */ = {isa = PBXFileReference; lastKnownFileType = sourcecode.swift; path = AddCampaignAction.swift; sourceTree = "<group>"; };
		84EF5D2920B2CB3F008753D0 /* DragonTide.app */ = {isa = PBXFileReference; explicitFileType = wrapper.application; includeInIndex = 0; path = DragonTide.app; sourceTree = BUILT_PRODUCTS_DIR; };
		84EF5D2C20B2CB3F008753D0 /* AppDelegate.swift */ = {isa = PBXFileReference; lastKnownFileType = sourcecode.swift; path = AppDelegate.swift; sourceTree = "<group>"; };
		84EF5D2E20B2CB40008753D0 /* ViewController.swift */ = {isa = PBXFileReference; lastKnownFileType = sourcecode.swift; path = ViewController.swift; sourceTree = "<group>"; };
		84EF5D3120B2CB40008753D0 /* Base */ = {isa = PBXFileReference; lastKnownFileType = file.storyboard; name = Base; path = Base.lproj/Main.storyboard; sourceTree = "<group>"; };
		84EF5D3320B2CB40008753D0 /* Assets.xcassets */ = {isa = PBXFileReference; lastKnownFileType = folder.assetcatalog; path = Assets.xcassets; sourceTree = "<group>"; };
		84EF5D3620B2CB40008753D0 /* Base */ = {isa = PBXFileReference; lastKnownFileType = file.storyboard; name = Base; path = Base.lproj/LaunchScreen.storyboard; sourceTree = "<group>"; };
		84EF5D3820B2CB40008753D0 /* Info.plist */ = {isa = PBXFileReference; lastKnownFileType = text.plist.xml; path = Info.plist; sourceTree = "<group>"; };
		84EF5D3D20B2CB41008753D0 /* DragonTideTests.xctest */ = {isa = PBXFileReference; explicitFileType = wrapper.cfbundle; includeInIndex = 0; path = DragonTideTests.xctest; sourceTree = BUILT_PRODUCTS_DIR; };
		84EF5D4120B2CB41008753D0 /* DragonTideTests.swift */ = {isa = PBXFileReference; lastKnownFileType = sourcecode.swift; path = DragonTideTests.swift; sourceTree = "<group>"; };
		84EF5D4320B2CB41008753D0 /* Info.plist */ = {isa = PBXFileReference; lastKnownFileType = text.plist.xml; path = Info.plist; sourceTree = "<group>"; };
		84EF5D4820B2CB41008753D0 /* DragonTideUITests.xctest */ = {isa = PBXFileReference; explicitFileType = wrapper.cfbundle; includeInIndex = 0; path = DragonTideUITests.xctest; sourceTree = BUILT_PRODUCTS_DIR; };
		84EF5D4C20B2CB41008753D0 /* DragonTideUITests.swift */ = {isa = PBXFileReference; lastKnownFileType = sourcecode.swift; path = DragonTideUITests.swift; sourceTree = "<group>"; };
		84EF5D4E20B2CB41008753D0 /* Info.plist */ = {isa = PBXFileReference; lastKnownFileType = text.plist.xml; path = Info.plist; sourceTree = "<group>"; };
		84EF5D5A20B2D29D008753D0 /* RegistrationViewController.swift */ = {isa = PBXFileReference; lastKnownFileType = sourcecode.swift; path = RegistrationViewController.swift; sourceTree = "<group>"; };
		84EF5D5C20B37B00008753D0 /* CampaignListViewController.swift */ = {isa = PBXFileReference; lastKnownFileType = sourcecode.swift; path = CampaignListViewController.swift; sourceTree = "<group>"; };
		84EF5D6020BDE55E008753D0 /* Campaign.swift */ = {isa = PBXFileReference; lastKnownFileType = sourcecode.swift; path = Campaign.swift; sourceTree = "<group>"; };
		84EF5D6220BDE5A4008753D0 /* User.swift */ = {isa = PBXFileReference; lastKnownFileType = sourcecode.swift; path = User.swift; sourceTree = "<group>"; };
		84EF5D6520BDE619008753D0 /* Token.swift */ = {isa = PBXFileReference; lastKnownFileType = sourcecode.swift; path = Token.swift; sourceTree = "<group>"; };
		84EF5D6A20BF4D21008753D0 /* LoginAction.swift */ = {isa = PBXFileReference; lastKnownFileType = sourcecode.swift; path = LoginAction.swift; sourceTree = "<group>"; };
/* End PBXFileReference section */

/* Begin PBXFrameworksBuildPhase section */
		84EF5D2620B2CB3F008753D0 /* Frameworks */ = {
			isa = PBXFrameworksBuildPhase;
			buildActionMask = 2147483647;
			files = (
			);
			runOnlyForDeploymentPostprocessing = 0;
		};
		84EF5D3A20B2CB41008753D0 /* Frameworks */ = {
			isa = PBXFrameworksBuildPhase;
			buildActionMask = 2147483647;
			files = (
			);
			runOnlyForDeploymentPostprocessing = 0;
		};
		84EF5D4520B2CB41008753D0 /* Frameworks */ = {
			isa = PBXFrameworksBuildPhase;
			buildActionMask = 2147483647;
			files = (
			);
			runOnlyForDeploymentPostprocessing = 0;
		};
/* End PBXFrameworksBuildPhase section */

/* Begin PBXGroup section */
		84AFC04220C433FC0074A53F /* DragonTide.Helpers */ = {
			isa = PBXGroup;
			children = (
				84AFC04520C43C830074A53F /* Spinner.swift */,
				84AFC04B20C85FCF0074A53F /* Storage.swift */,
			);
			path = DragonTide.Helpers;
			sourceTree = "<group>";
		};
		84AFC04E20CAEF2F0074A53F /* DragonTide.Controllers */ = {
			isa = PBXGroup;
			children = (
				84EF5D2E20B2CB40008753D0 /* ViewController.swift */,
				84EF5D5A20B2D29D008753D0 /* RegistrationViewController.swift */,
				84EF5D5C20B37B00008753D0 /* CampaignListViewController.swift */,
				84AFC04F20CC556A0074A53F /* CampaignDetailController.swift */,
				84AFC05120CC5EFF0074A53F /* CampaignAddController.swift */,
			);
			path = DragonTide.Controllers;
			sourceTree = "<group>";
		};
		84EF5D2020B2CB3F008753D0 = {
			isa = PBXGroup;
			children = (
				84AFC04E20CAEF2F0074A53F /* DragonTide.Controllers */,
				84AFC04220C433FC0074A53F /* DragonTide.Helpers */,
				84EF5D6920BF4CF8008753D0 /* DragonTide.API */,
				84EF5D5E20BDDC5C008753D0 /* DragonTide.Domain */,
				84EF5D2B20B2CB3F008753D0 /* DragonTide */,
				84EF5D4020B2CB41008753D0 /* DragonTideTests */,
				84EF5D4B20B2CB41008753D0 /* DragonTideUITests */,
				84EF5D2A20B2CB3F008753D0 /* Products */,
			);
			sourceTree = "<group>";
		};
		84EF5D2A20B2CB3F008753D0 /* Products */ = {
			isa = PBXGroup;
			children = (
				84EF5D2920B2CB3F008753D0 /* DragonTide.app */,
				84EF5D3D20B2CB41008753D0 /* DragonTideTests.xctest */,
				84EF5D4820B2CB41008753D0 /* DragonTideUITests.xctest */,
			);
			name = Products;
			sourceTree = "<group>";
		};
		84EF5D2B20B2CB3F008753D0 /* DragonTide */ = {
			isa = PBXGroup;
			children = (
				84EF5D2C20B2CB3F008753D0 /* AppDelegate.swift */,
				84EF5D3020B2CB40008753D0 /* Main.storyboard */,
				84EF5D3320B2CB40008753D0 /* Assets.xcassets */,
				84EF5D3520B2CB40008753D0 /* LaunchScreen.storyboard */,
				84EF5D3820B2CB40008753D0 /* Info.plist */,
			);
			path = DragonTide;
			sourceTree = "<group>";
		};
		84EF5D4020B2CB41008753D0 /* DragonTideTests */ = {
			isa = PBXGroup;
			children = (
				84EF5D4120B2CB41008753D0 /* DragonTideTests.swift */,
				84EF5D4320B2CB41008753D0 /* Info.plist */,
			);
			path = DragonTideTests;
			sourceTree = "<group>";
		};
		84EF5D4B20B2CB41008753D0 /* DragonTideUITests */ = {
			isa = PBXGroup;
			children = (
				84EF5D4C20B2CB41008753D0 /* DragonTideUITests.swift */,
				84EF5D4E20B2CB41008753D0 /* Info.plist */,
			);
			path = DragonTideUITests;
			sourceTree = "<group>";
		};
		84EF5D5E20BDDC5C008753D0 /* DragonTide.Domain */ = {
			isa = PBXGroup;
			children = (
				84EF5D6020BDE55E008753D0 /* Campaign.swift */,
				84EF5D6220BDE5A4008753D0 /* User.swift */,
				84EF5D6520BDE619008753D0 /* Token.swift */,
			);
			path = DragonTide.Domain;
			sourceTree = "<group>";
		};
		84EF5D6920BF4CF8008753D0 /* DragonTide.API */ = {
			isa = PBXGroup;
			children = (
				84EF5D6A20BF4D21008753D0 /* LoginAction.swift */,
				84AFC04020C41DE80074A53F /* RegisterAction.swift */,
				84AFC04920C8582E0074A53F /* RetrieveCampaignListAction.swift */,
				84AFC05320CC6E6E0074A53F /* AddCampaignAction.swift */,
			);
			path = DragonTide.API;
			sourceTree = "<group>";
		};
/* End PBXGroup section */

/* Begin PBXNativeTarget section */
		84EF5D2820B2CB3F008753D0 /* DragonTide */ = {
			isa = PBXNativeTarget;
			buildConfigurationList = 84EF5D5120B2CB41008753D0 /* Build configuration list for PBXNativeTarget "DragonTide" */;
			buildPhases = (
				84EF5D2520B2CB3F008753D0 /* Sources */,
				84EF5D2620B2CB3F008753D0 /* Frameworks */,
				84EF5D2720B2CB3F008753D0 /* Resources */,
			);
			buildRules = (
			);
			dependencies = (
			);
			name = DragonTide;
			productName = DragonTide;
			productReference = 84EF5D2920B2CB3F008753D0 /* DragonTide.app */;
			productType = "com.apple.product-type.application";
		};
		84EF5D3C20B2CB41008753D0 /* DragonTideTests */ = {
			isa = PBXNativeTarget;
			buildConfigurationList = 84EF5D5420B2CB41008753D0 /* Build configuration list for PBXNativeTarget "DragonTideTests" */;
			buildPhases = (
				84EF5D3920B2CB41008753D0 /* Sources */,
				84EF5D3A20B2CB41008753D0 /* Frameworks */,
				84EF5D3B20B2CB41008753D0 /* Resources */,
			);
			buildRules = (
			);
			dependencies = (
				84EF5D3F20B2CB41008753D0 /* PBXTargetDependency */,
			);
			name = DragonTideTests;
			productName = DragonTideTests;
			productReference = 84EF5D3D20B2CB41008753D0 /* DragonTideTests.xctest */;
			productType = "com.apple.product-type.bundle.unit-test";
		};
		84EF5D4720B2CB41008753D0 /* DragonTideUITests */ = {
			isa = PBXNativeTarget;
			buildConfigurationList = 84EF5D5720B2CB41008753D0 /* Build configuration list for PBXNativeTarget "DragonTideUITests" */;
			buildPhases = (
				84EF5D4420B2CB41008753D0 /* Sources */,
				84EF5D4520B2CB41008753D0 /* Frameworks */,
				84EF5D4620B2CB41008753D0 /* Resources */,
			);
			buildRules = (
			);
			dependencies = (
				84EF5D4A20B2CB41008753D0 /* PBXTargetDependency */,
			);
			name = DragonTideUITests;
			productName = DragonTideUITests;
			productReference = 84EF5D4820B2CB41008753D0 /* DragonTideUITests.xctest */;
			productType = "com.apple.product-type.bundle.ui-testing";
		};
/* End PBXNativeTarget section */

/* Begin PBXProject section */
		84EF5D2120B2CB3F008753D0 /* Project object */ = {
			isa = PBXProject;
			attributes = {
				LastSwiftUpdateCheck = 0930;
				LastUpgradeCheck = 0930;
				ORGANIZATIONNAME = FreeWare;
				TargetAttributes = {
					84EF5D2820B2CB3F008753D0 = {
						CreatedOnToolsVersion = 9.3;
					};
					84EF5D3C20B2CB41008753D0 = {
						CreatedOnToolsVersion = 9.3;
						TestTargetID = 84EF5D2820B2CB3F008753D0;
					};
					84EF5D4720B2CB41008753D0 = {
						CreatedOnToolsVersion = 9.3;
						TestTargetID = 84EF5D2820B2CB3F008753D0;
					};
				};
			};
			buildConfigurationList = 84EF5D2420B2CB3F008753D0 /* Build configuration list for PBXProject "DragonTide" */;
			compatibilityVersion = "Xcode 9.3";
			developmentRegion = en;
			hasScannedForEncodings = 0;
			knownRegions = (
				en,
				Base,
			);
			mainGroup = 84EF5D2020B2CB3F008753D0;
			productRefGroup = 84EF5D2A20B2CB3F008753D0 /* Products */;
			projectDirPath = "";
			projectRoot = "";
			targets = (
				84EF5D2820B2CB3F008753D0 /* DragonTide */,
				84EF5D3C20B2CB41008753D0 /* DragonTideTests */,
				84EF5D4720B2CB41008753D0 /* DragonTideUITests */,
			);
		};
/* End PBXProject section */

/* Begin PBXResourcesBuildPhase section */
		84EF5D2720B2CB3F008753D0 /* Resources */ = {
			isa = PBXResourcesBuildPhase;
			buildActionMask = 2147483647;
			files = (
				84EF5D3720B2CB40008753D0 /* LaunchScreen.storyboard in Resources */,
				84EF5D3420B2CB40008753D0 /* Assets.xcassets in Resources */,
				84EF5D3220B2CB40008753D0 /* Main.storyboard in Resources */,
			);
			runOnlyForDeploymentPostprocessing = 0;
		};
		84EF5D3B20B2CB41008753D0 /* Resources */ = {
			isa = PBXResourcesBuildPhase;
			buildActionMask = 2147483647;
			files = (
			);
			runOnlyForDeploymentPostprocessing = 0;
		};
		84EF5D4620B2CB41008753D0 /* Resources */ = {
			isa = PBXResourcesBuildPhase;
			buildActionMask = 2147483647;
			files = (
			);
			runOnlyForDeploymentPostprocessing = 0;
		};
/* End PBXResourcesBuildPhase section */

/* Begin PBXSourcesBuildPhase section */
		84EF5D2520B2CB3F008753D0 /* Sources */ = {
			isa = PBXSourcesBuildPhase;
			buildActionMask = 2147483647;
			files = (
				84AFC04A20C8582E0074A53F /* RetrieveCampaignListAction.swift in Sources */,
				84EF5D5D20B37B00008753D0 /* CampaignListViewController.swift in Sources */,
				84EF5D6620BDE619008753D0 /* Token.swift in Sources */,
				84EF5D6120BDE55E008753D0 /* Campaign.swift in Sources */,
				84AFC04120C41DE80074A53F /* RegisterAction.swift in Sources */,
				84AFC05420CC6E6E0074A53F /* AddCampaignAction.swift in Sources */,
				84AFC04C20C85FCF0074A53F /* Storage.swift in Sources */,
				84AFC05020CC556A0074A53F /* CampaignDetailController.swift in Sources */,
				84EF5D6B20BF4D21008753D0 /* LoginAction.swift in Sources */,
				84EF5D6320BDE5A4008753D0 /* User.swift in Sources */,
				84AFC04620C43C830074A53F /* Spinner.swift in Sources */,
				84EF5D5B20B2D29D008753D0 /* RegistrationViewController.swift in Sources */,
				84EF5D2F20B2CB40008753D0 /* ViewController.swift in Sources */,
				84EF5D2D20B2CB3F008753D0 /* AppDelegate.swift in Sources */,
				84AFC05220CC5EFF0074A53F /* CampaignAddController.swift in Sources */,
			);
			runOnlyForDeploymentPostprocessing = 0;
		};
		84EF5D3920B2CB41008753D0 /* Sources */ = {
			isa = PBXSourcesBuildPhase;
			buildActionMask = 2147483647;
			files = (
				84EF5D4220B2CB41008753D0 /* DragonTideTests.swift in Sources */,
			);
			runOnlyForDeploymentPostprocessing = 0;
		};
		84EF5D4420B2CB41008753D0 /* Sources */ = {
			isa = PBXSourcesBuildPhase;
			buildActionMask = 2147483647;
			files = (
				84EF5D4D20B2CB41008753D0 /* DragonTideUITests.swift in Sources */,
			);
			runOnlyForDeploymentPostprocessing = 0;
		};
/* End PBXSourcesBuildPhase section */

/* Begin PBXTargetDependency section */
		84EF5D3F20B2CB41008753D0 /* PBXTargetDependency */ = {
			isa = PBXTargetDependency;
			target = 84EF5D2820B2CB3F008753D0 /* DragonTide */;
			targetProxy = 84EF5D3E20B2CB41008753D0 /* PBXContainerItemProxy */;
		};
		84EF5D4A20B2CB41008753D0 /* PBXTargetDependency */ = {
			isa = PBXTargetDependency;
			target = 84EF5D2820B2CB3F008753D0 /* DragonTide */;
			targetProxy = 84EF5D4920B2CB41008753D0 /* PBXContainerItemProxy */;
		};
/* End PBXTargetDependency section */

/* Begin PBXVariantGroup section */
		84EF5D3020B2CB40008753D0 /* Main.storyboard */ = {
			isa = PBXVariantGroup;
			children = (
				84EF5D3120B2CB40008753D0 /* Base */,
			);
			name = Main.storyboard;
			sourceTree = "<group>";
		};
		84EF5D3520B2CB40008753D0 /* LaunchScreen.storyboard */ = {
			isa = PBXVariantGroup;
			children = (
				84EF5D3620B2CB40008753D0 /* Base */,
			);
			name = LaunchScreen.storyboard;
			sourceTree = "<group>";
		};
/* End PBXVariantGroup section */

/* Begin XCBuildConfiguration section */
		84EF5D4F20B2CB41008753D0 /* Debug */ = {
			isa = XCBuildConfiguration;
			buildSettings = {
				ALWAYS_SEARCH_USER_PATHS = NO;
				CLANG_ANALYZER_NONNULL = YES;
				CLANG_ANALYZER_NUMBER_OBJECT_CONVERSION = YES_AGGRESSIVE;
				CLANG_CXX_LANGUAGE_STANDARD = "gnu++14";
				CLANG_CXX_LIBRARY = "libc++";
				CLANG_ENABLE_MODULES = YES;
				CLANG_ENABLE_OBJC_ARC = YES;
				CLANG_ENABLE_OBJC_WEAK = YES;
				CLANG_WARN_BLOCK_CAPTURE_AUTORELEASING = YES;
				CLANG_WARN_BOOL_CONVERSION = YES;
				CLANG_WARN_COMMA = YES;
				CLANG_WARN_CONSTANT_CONVERSION = YES;
				CLANG_WARN_DEPRECATED_OBJC_IMPLEMENTATIONS = YES;
				CLANG_WARN_DIRECT_OBJC_ISA_USAGE = YES_ERROR;
				CLANG_WARN_DOCUMENTATION_COMMENTS = YES;
				CLANG_WARN_EMPTY_BODY = YES;
				CLANG_WARN_ENUM_CONVERSION = YES;
				CLANG_WARN_INFINITE_RECURSION = YES;
				CLANG_WARN_INT_CONVERSION = YES;
				CLANG_WARN_NON_LITERAL_NULL_CONVERSION = YES;
				CLANG_WARN_OBJC_IMPLICIT_RETAIN_SELF = YES;
				CLANG_WARN_OBJC_LITERAL_CONVERSION = YES;
				CLANG_WARN_OBJC_ROOT_CLASS = YES_ERROR;
				CLANG_WARN_RANGE_LOOP_ANALYSIS = YES;
				CLANG_WARN_STRICT_PROTOTYPES = YES;
				CLANG_WARN_SUSPICIOUS_MOVE = YES;
				CLANG_WARN_UNGUARDED_AVAILABILITY = YES_AGGRESSIVE;
				CLANG_WARN_UNREACHABLE_CODE = YES;
				CLANG_WARN__DUPLICATE_METHOD_MATCH = YES;
				CODE_SIGN_IDENTITY = "iPhone Developer";
				COPY_PHASE_STRIP = NO;
				DEBUG_INFORMATION_FORMAT = dwarf;
				ENABLE_STRICT_OBJC_MSGSEND = YES;
				ENABLE_TESTABILITY = YES;
				GCC_C_LANGUAGE_STANDARD = gnu11;
				GCC_DYNAMIC_NO_PIC = NO;
				GCC_NO_COMMON_BLOCKS = YES;
				GCC_OPTIMIZATION_LEVEL = 0;
				GCC_PREPROCESSOR_DEFINITIONS = (
					"DEBUG=1",
					"$(inherited)",
				);
				GCC_WARN_64_TO_32_BIT_CONVERSION = YES;
				GCC_WARN_ABOUT_RETURN_TYPE = YES_ERROR;
				GCC_WARN_UNDECLARED_SELECTOR = YES;
				GCC_WARN_UNINITIALIZED_AUTOS = YES_AGGRESSIVE;
				GCC_WARN_UNUSED_FUNCTION = YES;
				GCC_WARN_UNUSED_VARIABLE = YES;
				IPHONEOS_DEPLOYMENT_TARGET = 11.3;
				MTL_ENABLE_DEBUG_INFO = YES;
				ONLY_ACTIVE_ARCH = YES;
				SDKROOT = iphoneos;
				SWIFT_ACTIVE_COMPILATION_CONDITIONS = DEBUG;
				SWIFT_OPTIMIZATION_LEVEL = "-Onone";
			};
			name = Debug;
		};
		84EF5D5020B2CB41008753D0 /* Release */ = {
			isa = XCBuildConfiguration;
			buildSettings = {
				ALWAYS_SEARCH_USER_PATHS = NO;
				CLANG_ANALYZER_NONNULL = YES;
				CLANG_ANALYZER_NUMBER_OBJECT_CONVERSION = YES_AGGRESSIVE;
				CLANG_CXX_LANGUAGE_STANDARD = "gnu++14";
				CLANG_CXX_LIBRARY = "libc++";
				CLANG_ENABLE_MODULES = YES;
				CLANG_ENABLE_OBJC_ARC = YES;
				CLANG_ENABLE_OBJC_WEAK = YES;
				CLANG_WARN_BLOCK_CAPTURE_AUTORELEASING = YES;
				CLANG_WARN_BOOL_CONVERSION = YES;
				CLANG_WARN_COMMA = YES;
				CLANG_WARN_CONSTANT_CONVERSION = YES;
				CLANG_WARN_DEPRECATED_OBJC_IMPLEMENTATIONS = YES;
				CLANG_WARN_DIRECT_OBJC_ISA_USAGE = YES_ERROR;
				CLANG_WARN_DOCUMENTATION_COMMENTS = YES;
				CLANG_WARN_EMPTY_BODY = YES;
				CLANG_WARN_ENUM_CONVERSION = YES;
				CLANG_WARN_INFINITE_RECURSION = YES;
				CLANG_WARN_INT_CONVERSION = YES;
				CLANG_WARN_NON_LITERAL_NULL_CONVERSION = YES;
				CLANG_WARN_OBJC_IMPLICIT_RETAIN_SELF = YES;
				CLANG_WARN_OBJC_LITERAL_CONVERSION = YES;
				CLANG_WARN_OBJC_ROOT_CLASS = YES_ERROR;
				CLANG_WARN_RANGE_LOOP_ANALYSIS = YES;
				CLANG_WARN_STRICT_PROTOTYPES = YES;
				CLANG_WARN_SUSPICIOUS_MOVE = YES;
				CLANG_WARN_UNGUARDED_AVAILABILITY = YES_AGGRESSIVE;
				CLANG_WARN_UNREACHABLE_CODE = YES;
				CLANG_WARN__DUPLICATE_METHOD_MATCH = YES;
				CODE_SIGN_IDENTITY = "iPhone Developer";
				COPY_PHASE_STRIP = NO;
				DEBUG_INFORMATION_FORMAT = "dwarf-with-dsym";
				ENABLE_NS_ASSERTIONS = NO;
				ENABLE_STRICT_OBJC_MSGSEND = YES;
				GCC_C_LANGUAGE_STANDARD = gnu11;
				GCC_NO_COMMON_BLOCKS = YES;
				GCC_WARN_64_TO_32_BIT_CONVERSION = YES;
				GCC_WARN_ABOUT_RETURN_TYPE = YES_ERROR;
				GCC_WARN_UNDECLARED_SELECTOR = YES;
				GCC_WARN_UNINITIALIZED_AUTOS = YES_AGGRESSIVE;
				GCC_WARN_UNUSED_FUNCTION = YES;
				GCC_WARN_UNUSED_VARIABLE = YES;
				IPHONEOS_DEPLOYMENT_TARGET = 11.3;
				MTL_ENABLE_DEBUG_INFO = NO;
				SDKROOT = iphoneos;
				SWIFT_COMPILATION_MODE = wholemodule;
				SWIFT_OPTIMIZATION_LEVEL = "-O";
				VALIDATE_PRODUCT = YES;
			};
			name = Release;
		};
		84EF5D5220B2CB41008753D0 /* Debug */ = {
			isa = XCBuildConfiguration;
			buildSettings = {
				ASSETCATALOG_COMPILER_APPICON_NAME = AppIcon;
				CODE_SIGN_STYLE = Automatic;
				INFOPLIST_FILE = DragonTide/Info.plist;
				LD_RUNPATH_SEARCH_PATHS = (
					"$(inherited)",
					"@executable_path/Frameworks",
				);
				PRODUCT_BUNDLE_IDENTIFIER = FREE.DragonTide;
				PRODUCT_NAME = "$(TARGET_NAME)";
				SWIFT_VERSION = 4.0;
				TARGETED_DEVICE_FAMILY = "1,2";
			};
			name = Debug;
		};
		84EF5D5320B2CB41008753D0 /* Release */ = {
			isa = XCBuildConfiguration;
			buildSettings = {
				ASSETCATALOG_COMPILER_APPICON_NAME = AppIcon;
				CODE_SIGN_STYLE = Automatic;
				INFOPLIST_FILE = DragonTide/Info.plist;
				LD_RUNPATH_SEARCH_PATHS = (
					"$(inherited)",
					"@executable_path/Frameworks",
				);
				PRODUCT_BUNDLE_IDENTIFIER = FREE.DragonTide;
				PRODUCT_NAME = "$(TARGET_NAME)";
				SWIFT_VERSION = 4.0;
				TARGETED_DEVICE_FAMILY = "1,2";
			};
			name = Release;
		};
		84EF5D5520B2CB41008753D0 /* Debug */ = {
			isa = XCBuildConfiguration;
			buildSettings = {
				ALWAYS_EMBED_SWIFT_STANDARD_LIBRARIES = YES;
				BUNDLE_LOADER = "$(TEST_HOST)";
				CODE_SIGN_STYLE = Automatic;
				INFOPLIST_FILE = DragonTideTests/Info.plist;
				LD_RUNPATH_SEARCH_PATHS = (
					"$(inherited)",
					"@executable_path/Frameworks",
					"@loader_path/Frameworks",
				);
				PRODUCT_BUNDLE_IDENTIFIER = FREE.DragonTideTests;
				PRODUCT_NAME = "$(TARGET_NAME)";
				SWIFT_VERSION = 4.0;
				TARGETED_DEVICE_FAMILY = "1,2";
				TEST_HOST = "$(BUILT_PRODUCTS_DIR)/DragonTide.app/DragonTide";
			};
			name = Debug;
		};
		84EF5D5620B2CB41008753D0 /* Release */ = {
			isa = XCBuildConfiguration;
			buildSettings = {
				ALWAYS_EMBED_SWIFT_STANDARD_LIBRARIES = YES;
				BUNDLE_LOADER = "$(TEST_HOST)";
				CODE_SIGN_STYLE = Automatic;
				INFOPLIST_FILE = DragonTideTests/Info.plist;
				LD_RUNPATH_SEARCH_PATHS = (
					"$(inherited)",
					"@executable_path/Frameworks",
					"@loader_path/Frameworks",
				);
				PRODUCT_BUNDLE_IDENTIFIER = FREE.DragonTideTests;
				PRODUCT_NAME = "$(TARGET_NAME)";
				SWIFT_VERSION = 4.0;
				TARGETED_DEVICE_FAMILY = "1,2";
				TEST_HOST = "$(BUILT_PRODUCTS_DIR)/DragonTide.app/DragonTide";
			};
			name = Release;
		};
		84EF5D5820B2CB41008753D0 /* Debug */ = {
			isa = XCBuildConfiguration;
			buildSettings = {
				ALWAYS_EMBED_SWIFT_STANDARD_LIBRARIES = YES;
				CODE_SIGN_STYLE = Automatic;
				INFOPLIST_FILE = DragonTideUITests/Info.plist;
				LD_RUNPATH_SEARCH_PATHS = (
					"$(inherited)",
					"@executable_path/Frameworks",
					"@loader_path/Frameworks",
				);
				PRODUCT_BUNDLE_IDENTIFIER = FREE.DragonTideUITests;
				PRODUCT_NAME = "$(TARGET_NAME)";
				SWIFT_VERSION = 4.0;
				TARGETED_DEVICE_FAMILY = "1,2";
				TEST_TARGET_NAME = DragonTide;
			};
			name = Debug;
		};
		84EF5D5920B2CB41008753D0 /* Release */ = {
			isa = XCBuildConfiguration;
			buildSettings = {
				ALWAYS_EMBED_SWIFT_STANDARD_LIBRARIES = YES;
				CODE_SIGN_STYLE = Automatic;
				INFOPLIST_FILE = DragonTideUITests/Info.plist;
				LD_RUNPATH_SEARCH_PATHS = (
					"$(inherited)",
					"@executable_path/Frameworks",
					"@loader_path/Frameworks",
				);
				PRODUCT_BUNDLE_IDENTIFIER = FREE.DragonTideUITests;
				PRODUCT_NAME = "$(TARGET_NAME)";
				SWIFT_VERSION = 4.0;
				TARGETED_DEVICE_FAMILY = "1,2";
				TEST_TARGET_NAME = DragonTide;
			};
			name = Release;
		};
/* End XCBuildConfiguration section */

/* Begin XCConfigurationList section */
		84EF5D2420B2CB3F008753D0 /* Build configuration list for PBXProject "DragonTide" */ = {
			isa = XCConfigurationList;
			buildConfigurations = (
				84EF5D4F20B2CB41008753D0 /* Debug */,
				84EF5D5020B2CB41008753D0 /* Release */,
			);
			defaultConfigurationIsVisible = 0;
			defaultConfigurationName = Release;
		};
		84EF5D5120B2CB41008753D0 /* Build configuration list for PBXNativeTarget "DragonTide" */ = {
			isa = XCConfigurationList;
			buildConfigurations = (
				84EF5D5220B2CB41008753D0 /* Debug */,
				84EF5D5320B2CB41008753D0 /* Release */,
			);
			defaultConfigurationIsVisible = 0;
			defaultConfigurationName = Release;
		};
		84EF5D5420B2CB41008753D0 /* Build configuration list for PBXNativeTarget "DragonTideTests" */ = {
			isa = XCConfigurationList;
			buildConfigurations = (
				84EF5D5520B2CB41008753D0 /* Debug */,
				84EF5D5620B2CB41008753D0 /* Release */,
			);
			defaultConfigurationIsVisible = 0;
			defaultConfigurationName = Release;
		};
		84EF5D5720B2CB41008753D0 /* Build configuration list for PBXNativeTarget "DragonTideUITests" */ = {
			isa = XCConfigurationList;
			buildConfigurations = (
				84EF5D5820B2CB41008753D0 /* Debug */,
				84EF5D5920B2CB41008753D0 /* Release */,
			);
			defaultConfigurationIsVisible = 0;
			defaultConfigurationName = Release;
		};
/* End XCConfigurationList section */
	};
	rootObject = 84EF5D2120B2CB3F008753D0 /* Project object */;
}
